
Microsoft Visual Studio Solution File, Format Version 12.00
# Visual Studio Version 16
VisualStudioVersion = 16.0.30523.141
MinimumVisualStudioVersion = 10.0.40219.1
Project("{F184B08F-C81C-45F6-A57F-5ABD9991F28F}") = "Rainbow", "Rainbow.vbproj", "{87F977EB-5DB1-4FDC-9A93-DF80F42EA19C}"
EndProject
Global
	GlobalSection(SolutionConfigurationPlatforms) = preSolution
		Debug|Any CPU = Debug|Any CPU
		Release|Any CPU = Release|Any CPU
	EndGlobalSection
	GlobalSection(ProjectConfigurationPlatforms) = postSolution
		{87F977EB-5DB1-4FDC-9A93-DF80F42EA19C}.Debug|Any CPU.ActiveCfg = Debug|Any CPU
		{87F977EB-5DB1-4FDC-9A93-DF80F42EA19C}.Debug|Any CPU.Build.0 = Debug|Any CPU
		{87F977EB-5DB1-4FDC-9A93-DF80F42EA19C}.Release|Any CPU.ActiveCfg = Release|Any CPU
		{87F977EB-5DB1-4FDC-9A93-DF80F42EA19C}.Release|Any CPU.Build.0 = Release|Any CPU
	EndGlobalSection
	GlobalSection(SolutionProperties) = preSolution
		HideSolutionNode = FALSE
	EndGlobalSection
	GlobalSection(ExtensibilityGlobals) = postSolution
		SolutionGuid = {3D568727-BC2A-4648-9B72-BD5A6ADCE038}
	EndGlobalSection
EndGlobal
