
Microsoft Visual Studio Solution File, Format Version 12.00
# Visual Studio Version 16
VisualStudioVersion = 16.0.30611.23
MinimumVisualStudioVersion = 10.0.40219.1
Project("{F184B08F-C81C-45F6-A57F-5ABD9991F28F}") = "ConsoleAppSpeed", "ConsoleAppSpeed.vbproj", "{B48A5F85-A85D-4B27-A7E1-E53C717F5691}"
EndProject
Global
	GlobalSection(SolutionConfigurationPlatforms) = preSolution
		Debug|Any CPU = Debug|Any CPU
		Release|Any CPU = Release|Any CPU
	EndGlobalSection
	GlobalSection(ProjectConfigurationPlatforms) = postSolution
		{B48A5F85-A85D-4B27-A7E1-E53C717F5691}.Debug|Any CPU.ActiveCfg = Debug|Any CPU
		{B48A5F85-A85D-4B27-A7E1-E53C717F5691}.Debug|Any CPU.Build.0 = Debug|Any CPU
		{B48A5F85-A85D-4B27-A7E1-E53C717F5691}.Release|Any CPU.ActiveCfg = Release|Any CPU
		{B48A5F85-A85D-4B27-A7E1-E53C717F5691}.Release|Any CPU.Build.0 = Release|Any CPU
	EndGlobalSection
	GlobalSection(SolutionProperties) = preSolution
		HideSolutionNode = FALSE
	EndGlobalSection
	GlobalSection(ExtensibilityGlobals) = postSolution
		SolutionGuid = {B914D70D-D631-4BB5-990B-4301813A74B3}
	EndGlobalSection
EndGlobal
