
Microsoft Visual Studio Solution File, Format Version 12.00
# Visual Studio Version 16
VisualStudioVersion = 16.0.30523.141
MinimumVisualStudioVersion = 10.0.40219.1
Project("{F184B08F-C81C-45F6-A57F-5ABD9991F28F}") = "Perimeter", "Perimeter.vbproj", "{1E47EF69-218E-4D94-A3A4-8CD2A525D03D}"
EndProject
Global
	GlobalSection(SolutionConfigurationPlatforms) = preSolution
		Debug|Any CPU = Debug|Any CPU
		Release|Any CPU = Release|Any CPU
	EndGlobalSection
	GlobalSection(ProjectConfigurationPlatforms) = postSolution
		{1E47EF69-218E-4D94-A3A4-8CD2A525D03D}.Debug|Any CPU.ActiveCfg = Debug|Any CPU
		{1E47EF69-218E-4D94-A3A4-8CD2A525D03D}.Debug|Any CPU.Build.0 = Debug|Any CPU
		{1E47EF69-218E-4D94-A3A4-8CD2A525D03D}.Release|Any CPU.ActiveCfg = Release|Any CPU
		{1E47EF69-218E-4D94-A3A4-8CD2A525D03D}.Release|Any CPU.Build.0 = Release|Any CPU
	EndGlobalSection
	GlobalSection(SolutionProperties) = preSolution
		HideSolutionNode = FALSE
	EndGlobalSection
	GlobalSection(ExtensibilityGlobals) = postSolution
		SolutionGuid = {FBF7BE11-CAC6-4898-80DD-12252C71E909}
	EndGlobalSection
EndGlobal
